// !$*UTF8*$!
{
	archiveVersion = 1;
	classes = {
	};
	objectVersion = 56;
	objects = {

/* Begin PBXBuildFile section */
		252E6A2B2951E4ED004AF350 /* tabView.swift in Sources */ = {isa = PBXBuildFile; fileRef = 252E6A2A2951E4ED004AF350 /* tabView.swift */; };
		252E6A2D2951EE84004AF350 /* Analytic.swift in Sources */ = {isa = PBXBuildFile; fileRef = 252E6A2C2951EE84004AF350 /* Analytic.swift */; };
		252E6A2F2951EE92004AF350 /* Profile.swift in Sources */ = {isa = PBXBuildFile; fileRef = 252E6A2E2951EE92004AF350 /* Profile.swift */; };
		252E6A31295321A6004AF350 /* Main.swift in Sources */ = {isa = PBXBuildFile; fileRef = 252E6A30295321A6004AF350 /* Main.swift */; };
		252E6A332953223D004AF350 /* onBording.swift in Sources */ = {isa = PBXBuildFile; fileRef = 252E6A322953223D004AF350 /* onBording.swift */; };
		252E6A3529533AB0004AF350 /* screen3.swift in Sources */ = {isa = PBXBuildFile; fileRef = 252E6A3429533AB0004AF350 /* screen3.swift */; };
		252E6A3729533AE4004AF350 /* screen2.swift in Sources */ = {isa = PBXBuildFile; fileRef = 252E6A3629533AE4004AF350 /* screen2.swift */; };
		252E6A3929533CCC004AF350 /* Register.swift in Sources */ = {isa = PBXBuildFile; fileRef = 252E6A3829533CCC004AF350 /* Register.swift */; };
		252E6A3E29534F69004AF350 /* Chart.swift in Sources */ = {isa = PBXBuildFile; fileRef = 252E6A3D29534F69004AF350 /* Chart.swift */; };
		252E6A402953B3E9004AF350 /* todo.swift in Sources */ = {isa = PBXBuildFile; fileRef = 252E6A3F2953B3E9004AF350 /* todo.swift */; };
		254F0892294767B400830A02 /* my_contentApp.swift in Sources */ = {isa = PBXBuildFile; fileRef = 254F0891294767B400830A02 /* my_contentApp.swift */; };
		254F0894294767B400830A02 /* ContentView.swift in Sources */ = {isa = PBXBuildFile; fileRef = 254F0893294767B400830A02 /* ContentView.swift */; };
		254F0896294767B500830A02 /* Assets.xcassets in Resources */ = {isa = PBXBuildFile; fileRef = 254F0895294767B500830A02 /* Assets.xcassets */; };
		254F0899294767B500830A02 /* Preview Assets.xcassets in Resources */ = {isa = PBXBuildFile; fileRef = 254F0898294767B500830A02 /* Preview Assets.xcassets */; };
		254F089B294767B500830A02 /* Persistence.swift in Sources */ = {isa = PBXBuildFile; fileRef = 254F089A294767B500830A02 /* Persistence.swift */; };
		254F089E294767B500830A02 /* my_content.xcdatamodeld in Sources */ = {isa = PBXBuildFile; fileRef = 254F089C294767B500830A02 /* my_content.xcdatamodeld */; };
		254F08B029476E4F00830A02 /* TaskViewModel.swift in Sources */ = {isa = PBXBuildFile; fileRef = 254F08AF29476E4F00830A02 /* TaskViewModel.swift */; };
		254F08B22947701E00830A02 /* Home.swift in Sources */ = {isa = PBXBuildFile; fileRef = 254F08B12947701E00830A02 /* Home.swift */; };
		255E1A52294CF1E500655197 /* CustomeDatePicker.swift in Sources */ = {isa = PBXBuildFile; fileRef = 255E1A51294CF1E500655197 /* CustomeDatePicker.swift */; };
		255E1A54294CF79400655197 /* DateValue.swift in Sources */ = {isa = PBXBuildFile; fileRef = 255E1A53294CF79400655197 /* DateValue.swift */; };
		255E1A56294D05F600655197 /* Task.swift in Sources */ = {isa = PBXBuildFile; fileRef = 255E1A55294D05F600655197 /* Task.swift */; };
		25709B68294B4A7D00DF2062 /* DynamicFilteredView.swift in Sources */ = {isa = PBXBuildFile; fileRef = 25709B67294B4A7D00DF2062 /* DynamicFilteredView.swift */; };
/* End PBXBuildFile section */

/* Begin PBXFileReference section */
		252E6A2A2951E4ED004AF350 /* tabView.swift */ = {isa = PBXFileReference; lastKnownFileType = sourcecode.swift; path = tabView.swift; sourceTree = "<group>"; };
		252E6A2C2951EE84004AF350 /* Analytic.swift */ = {isa = PBXFileReference; lastKnownFileType = sourcecode.swift; path = Analytic.swift; sourceTree = "<group>"; };
		252E6A2E2951EE92004AF350 /* Profile.swift */ = {isa = PBXFileReference; lastKnownFileType = sourcecode.swift; path = Profile.swift; sourceTree = "<group>"; };
		252E6A30295321A6004AF350 /* Main.swift */ = {isa = PBXFileReference; lastKnownFileType = sourcecode.swift; path = Main.swift; sourceTree = "<group>"; };
		252E6A322953223D004AF350 /* onBording.swift */ = {isa = PBXFileReference; lastKnownFileType = sourcecode.swift; path = onBording.swift; sourceTree = "<group>"; };
		252E6A3429533AB0004AF350 /* screen3.swift */ = {isa = PBXFileReference; lastKnownFileType = sourcecode.swift; path = screen3.swift; sourceTree = "<group>"; };
		252E6A3629533AE4004AF350 /* screen2.swift */ = {isa = PBXFileReference; lastKnownFileType = sourcecode.swift; path = screen2.swift; sourceTree = "<group>"; };
		252E6A3829533CCC004AF350 /* Register.swift */ = {isa = PBXFileReference; lastKnownFileType = sourcecode.swift; path = Register.swift; sourceTree = "<group>"; };
		252E6A3D29534F69004AF350 /* Chart.swift */ = {isa = PBXFileReference; lastKnownFileType = sourcecode.swift; path = Chart.swift; sourceTree = "<group>"; };
		252E6A3F2953B3E9004AF350 /* todo.swift */ = {isa = PBXFileReference; lastKnownFileType = sourcecode.swift; path = todo.swift; sourceTree = "<group>"; };
		254F088E294767B400830A02 /* my content.app */ = {isa = PBXFileReference; explicitFileType = wrapper.application; includeInIndex = 0; path = "my content.app"; sourceTree = BUILT_PRODUCTS_DIR; };
		254F0891294767B400830A02 /* my_contentApp.swift */ = {isa = PBXFileReference; lastKnownFileType = sourcecode.swift; path = my_contentApp.swift; sourceTree = "<group>"; };
		254F0893294767B400830A02 /* ContentView.swift */ = {isa = PBXFileReference; lastKnownFileType = sourcecode.swift; path = ContentView.swift; sourceTree = "<group>"; };
		254F0895294767B500830A02 /* Assets.xcassets */ = {isa = PBXFileReference; lastKnownFileType = folder.assetcatalog; path = Assets.xcassets; sourceTree = "<group>"; };
		254F0898294767B500830A02 /* Preview Assets.xcassets */ = {isa = PBXFileReference; lastKnownFileType = folder.assetcatalog; path = "Preview Assets.xcassets"; sourceTree = "<group>"; };
		254F089A294767B500830A02 /* Persistence.swift */ = {isa = PBXFileReference; lastKnownFileType = sourcecode.swift; path = Persistence.swift; sourceTree = "<group>"; };
		254F089D294767B500830A02 /* my_content.xcdatamodel */ = {isa = PBXFileReference; lastKnownFileType = wrapper.xcdatamodel; path = my_content.xcdatamodel; sourceTree = "<group>"; };
		254F08AF29476E4F00830A02 /* TaskViewModel.swift */ = {isa = PBXFileReference; lastKnownFileType = sourcecode.swift; path = TaskViewModel.swift; sourceTree = "<group>"; };
		254F08B12947701E00830A02 /* Home.swift */ = {isa = PBXFileReference; lastKnownFileType = sourcecode.swift; path = Home.swift; sourceTree = "<group>"; };
		255E1A51294CF1E500655197 /* CustomeDatePicker.swift */ = {isa = PBXFileReference; lastKnownFileType = sourcecode.swift; path = CustomeDatePicker.swift; sourceTree = "<group>"; };
		255E1A53294CF79400655197 /* DateValue.swift */ = {isa = PBXFileReference; lastKnownFileType = sourcecode.swift; path = DateValue.swift; sourceTree = "<group>"; };
		255E1A55294D05F600655197 /* Task.swift */ = {isa = PBXFileReference; lastKnownFileType = sourcecode.swift; path = Task.swift; sourceTree = "<group>"; };
		25709B67294B4A7D00DF2062 /* DynamicFilteredView.swift */ = {isa = PBXFileReference; lastKnownFileType = sourcecode.swift; path = DynamicFilteredView.swift; sourceTree = "<group>"; };
/* End PBXFileReference section */

/* Begin PBXFrameworksBuildPhase section */
		254F088B294767B400830A02 /* Frameworks */ = {
			isa = PBXFrameworksBuildPhase;
			buildActionMask = 2147483647;
			files = (
			);
			runOnlyForDeploymentPostprocessing = 0;
		};
/* End PBXFrameworksBuildPhase section */

/* Begin PBXGroup section */
		254F0885294767B400830A02 = {
			isa = PBXGroup;
			children = (
				254F0890294767B400830A02 /* my content */,
				254F088F294767B400830A02 /* Products */,
			);
			sourceTree = "<group>";
		};
		254F088F294767B400830A02 /* Products */ = {
			isa = PBXGroup;
			children = (
				254F088E294767B400830A02 /* my content.app */,
			);
			name = Products;
			sourceTree = "<group>";
		};
		254F0890294767B400830A02 /* my content */ = {
			isa = PBXGroup;
			children = (
				254F08AE29476E2A00830A02 /* ViewModel */,
				254F08A529476BEC00830A02 /* model */,
				254F08A429476BDD00830A02 /* View */,
				254F0891294767B400830A02 /* my_contentApp.swift */,
				254F0893294767B400830A02 /* ContentView.swift */,
				254F0895294767B500830A02 /* Assets.xcassets */,
				254F089A294767B500830A02 /* Persistence.swift */,
				254F089C294767B500830A02 /* my_content.xcdatamodeld */,
				254F0897294767B500830A02 /* Preview Content */,
			);
			path = "my content";
			sourceTree = "<group>";
		};
		254F0897294767B500830A02 /* Preview Content */ = {
			isa = PBXGroup;
			children = (
				254F0898294767B500830A02 /* Preview Assets.xcassets */,
			);
			path = "Preview Content";
			sourceTree = "<group>";
		};
		254F08A429476BDD00830A02 /* View */ = {
			isa = PBXGroup;
			children = (
				254F08B12947701E00830A02 /* Home.swift */,
				25709B67294B4A7D00DF2062 /* DynamicFilteredView.swift */,
				255E1A51294CF1E500655197 /* CustomeDatePicker.swift */,
				252E6A2A2951E4ED004AF350 /* tabView.swift */,
				252E6A2C2951EE84004AF350 /* Analytic.swift */,
				252E6A2E2951EE92004AF350 /* Profile.swift */,
				252E6A30295321A6004AF350 /* Main.swift */,
				252E6A322953223D004AF350 /* onBording.swift */,
				252E6A3429533AB0004AF350 /* screen3.swift */,
				252E6A3629533AE4004AF350 /* screen2.swift */,
				252E6A3829533CCC004AF350 /* Register.swift */,
				252E6A3D29534F69004AF350 /* Chart.swift */,
				252E6A3F2953B3E9004AF350 /* todo.swift */,
			);
			path = View;
			sourceTree = "<group>";
		};
		254F08A529476BEC00830A02 /* model */ = {
			isa = PBXGroup;
			children = (
				255E1A53294CF79400655197 /* DateValue.swift */,
				255E1A55294D05F600655197 /* Task.swift */,
			);
			path = model;
			sourceTree = "<group>";
		};
		254F08AE29476E2A00830A02 /* ViewModel */ = {
			isa = PBXGroup;
			children = (
				254F08AF29476E4F00830A02 /* TaskViewModel.swift */,
			);
			path = ViewModel;
			sourceTree = "<group>";
		};
/* End PBXGroup section */

/* Begin PBXNativeTarget section */
		254F088D294767B400830A02 /* my content */ = {
			isa = PBXNativeTarget;
			buildConfigurationList = 254F08A1294767B500830A02 /* Build configuration list for PBXNativeTarget "my content" */;
			buildPhases = (
				254F088A294767B400830A02 /* Sources */,
				254F088B294767B400830A02 /* Frameworks */,
				254F088C294767B400830A02 /* Resources */,
			);
			buildRules = (
			);
			dependencies = (
			);
			name = "my content";
			packageProductDependencies = (
			);
			productName = "my content";
			productReference = 254F088E294767B400830A02 /* my content.app */;
			productType = "com.apple.product-type.application";
		};
/* End PBXNativeTarget section */

/* Begin PBXProject section */
		254F0886294767B400830A02 /* Project object */ = {
			isa = PBXProject;
			attributes = {
				BuildIndependentTargetsInParallel = 1;
				LastSwiftUpdateCheck = 1400;
				LastUpgradeCheck = 1400;
				TargetAttributes = {
					254F088D294767B400830A02 = {
						CreatedOnToolsVersion = 14.0.1;
					};
				};
			};
			buildConfigurationList = 254F0889294767B400830A02 /* Build configuration list for PBXProject "my content" */;
			compatibilityVersion = "Xcode 14.0";
			developmentRegion = en;
			hasScannedForEncodings = 0;
			knownRegions = (
				en,
				Base,
			);
			mainGroup = 254F0885294767B400830A02;
			packageReferences = (
			);
			productRefGroup = 254F088F294767B400830A02 /* Products */;
			projectDirPath = "";
			projectRoot = "";
			targets = (
				254F088D294767B400830A02 /* my content */,
			);
		};
/* End PBXProject section */

/* Begin PBXResourcesBuildPhase section */
		254F088C294767B400830A02 /* Resources */ = {
			isa = PBXResourcesBuildPhase;
			buildActionMask = 2147483647;
			files = (
				254F0899294767B500830A02 /* Preview Assets.xcassets in Resources */,
				254F0896294767B500830A02 /* Assets.xcassets in Resources */,
			);
			runOnlyForDeploymentPostprocessing = 0;
		};
/* End PBXResourcesBuildPhase section */

/* Begin PBXSourcesBuildPhase section */
		254F088A294767B400830A02 /* Sources */ = {
			isa = PBXSourcesBuildPhase;
			buildActionMask = 2147483647;
			files = (
				252E6A3E29534F69004AF350 /* Chart.swift in Sources */,
				254F089B294767B500830A02 /* Persistence.swift in Sources */,
				254F08B029476E4F00830A02 /* TaskViewModel.swift in Sources */,
				252E6A2B2951E4ED004AF350 /* tabView.swift in Sources */,
				252E6A2F2951EE92004AF350 /* Profile.swift in Sources */,
				255E1A56294D05F600655197 /* Task.swift in Sources */,
				254F0894294767B400830A02 /* ContentView.swift in Sources */,
				255E1A52294CF1E500655197 /* CustomeDatePicker.swift in Sources */,
				252E6A3729533AE4004AF350 /* screen2.swift in Sources */,
				25709B68294B4A7D00DF2062 /* DynamicFilteredView.swift in Sources */,
				254F0892294767B400830A02 /* my_contentApp.swift in Sources */,
				254F089E294767B500830A02 /* my_content.xcdatamodeld in Sources */,
				254F08B22947701E00830A02 /* Home.swift in Sources */,
				252E6A3929533CCC004AF350 /* Register.swift in Sources */,
				252E6A3529533AB0004AF350 /* screen3.swift in Sources */,
				252E6A402953B3E9004AF350 /* todo.swift in Sources */,
				252E6A2D2951EE84004AF350 /* Analytic.swift in Sources */,
				252E6A332953223D004AF350 /* onBording.swift in Sources */,
				252E6A31295321A6004AF350 /* Main.swift in Sources */,
				255E1A54294CF79400655197 /* DateValue.swift in Sources */,
			);
			runOnlyForDeploymentPostprocessing = 0;
		};
/* End PBXSourcesBuildPhase section */

/* Begin XCBuildConfiguration section */
		254F089F294767B500830A02 /* Debug */ = {
			isa = XCBuildConfiguration;
			buildSettings = {
				ALWAYS_SEARCH_USER_PATHS = NO;
				CLANG_ANALYZER_NONNULL = YES;
				CLANG_ANALYZER_NUMBER_OBJECT_CONVERSION = YES_AGGRESSIVE;
				CLANG_CXX_LANGUAGE_STANDARD = "gnu++20";
				CLANG_ENABLE_MODULES = YES;
				CLANG_ENABLE_OBJC_ARC = YES;
				CLANG_ENABLE_OBJC_WEAK = YES;
				CLANG_WARN_BLOCK_CAPTURE_AUTORELEASING = YES;
				CLANG_WARN_BOOL_CONVERSION = YES;
				CLANG_WARN_COMMA = YES;
				CLANG_WARN_CONSTANT_CONVERSION = YES;
				CLANG_WARN_DEPRECATED_OBJC_IMPLEMENTATIONS = YES;
				CLANG_WARN_DIRECT_OBJC_ISA_USAGE = YES_ERROR;
				CLANG_WARN_DOCUMENTATION_COMMENTS = YES;
				CLANG_WARN_EMPTY_BODY = YES;
				CLANG_WARN_ENUM_CONVERSION = YES;
				CLANG_WARN_INFINITE_RECURSION = YES;
				CLANG_WARN_INT_CONVERSION = YES;
				CLANG_WARN_NON_LITERAL_NULL_CONVERSION = YES;
				CLANG_WARN_OBJC_IMPLICIT_RETAIN_SELF = YES;
				CLANG_WARN_OBJC_LITERAL_CONVERSION = YES;
				CLANG_WARN_OBJC_ROOT_CLASS = YES_ERROR;
				CLANG_WARN_QUOTED_INCLUDE_IN_FRAMEWORK_HEADER = YES;
				CLANG_WARN_RANGE_LOOP_ANALYSIS = YES;
				CLANG_WARN_STRICT_PROTOTYPES = YES;
				CLANG_WARN_SUSPICIOUS_MOVE = YES;
				CLANG_WARN_UNGUARDED_AVAILABILITY = YES_AGGRESSIVE;
				CLANG_WARN_UNREACHABLE_CODE = YES;
				CLANG_WARN__DUPLICATE_METHOD_MATCH = YES;
				COPY_PHASE_STRIP = NO;
				DEBUG_INFORMATION_FORMAT = dwarf;
				ENABLE_STRICT_OBJC_MSGSEND = YES;
				ENABLE_TESTABILITY = YES;
				GCC_C_LANGUAGE_STANDARD = gnu11;
				GCC_DYNAMIC_NO_PIC = NO;
				GCC_NO_COMMON_BLOCKS = YES;
				GCC_OPTIMIZATION_LEVEL = 0;
				GCC_PREPROCESSOR_DEFINITIONS = (
					"DEBUG=1",
					"$(inherited)",
				);
				GCC_WARN_64_TO_32_BIT_CONVERSION = YES;
				GCC_WARN_ABOUT_RETURN_TYPE = YES_ERROR;
				GCC_WARN_UNDECLARED_SELECTOR = YES;
				GCC_WARN_UNINITIALIZED_AUTOS = YES_AGGRESSIVE;
				GCC_WARN_UNUSED_FUNCTION = YES;
				GCC_WARN_UNUSED_VARIABLE = YES;
				IPHONEOS_DEPLOYMENT_TARGET = 16.0;
				MTL_ENABLE_DEBUG_INFO = INCLUDE_SOURCE;
				MTL_FAST_MATH = YES;
				ONLY_ACTIVE_ARCH = YES;
				SDKROOT = iphoneos;
				SWIFT_ACTIVE_COMPILATION_CONDITIONS = DEBUG;
				SWIFT_OPTIMIZATION_LEVEL = "-Onone";
			};
			name = Debug;
		};
		254F08A0294767B500830A02 /* Release */ = {
			isa = XCBuildConfiguration;
			buildSettings = {
				ALWAYS_SEARCH_USER_PATHS = NO;
				CLANG_ANALYZER_NONNULL = YES;
				CLANG_ANALYZER_NUMBER_OBJECT_CONVERSION = YES_AGGRESSIVE;
				CLANG_CXX_LANGUAGE_STANDARD = "gnu++20";
				CLANG_ENABLE_MODULES = YES;
				CLANG_ENABLE_OBJC_ARC = YES;
				CLANG_ENABLE_OBJC_WEAK = YES;
				CLANG_WARN_BLOCK_CAPTURE_AUTORELEASING = YES;
				CLANG_WARN_BOOL_CONVERSION = YES;
				CLANG_WARN_COMMA = YES;
				CLANG_WARN_CONSTANT_CONVERSION = YES;
				CLANG_WARN_DEPRECATED_OBJC_IMPLEMENTATIONS = YES;
				CLANG_WARN_DIRECT_OBJC_ISA_USAGE = YES_ERROR;
				CLANG_WARN_DOCUMENTATION_COMMENTS = YES;
				CLANG_WARN_EMPTY_BODY = YES;
				CLANG_WARN_ENUM_CONVERSION = YES;
				CLANG_WARN_INFINITE_RECURSION = YES;
				CLANG_WARN_INT_CONVERSION = YES;
				CLANG_WARN_NON_LITERAL_NULL_CONVERSION = YES;
				CLANG_WARN_OBJC_IMPLICIT_RETAIN_SELF = YES;
				CLANG_WARN_OBJC_LITERAL_CONVERSION = YES;
				CLANG_WARN_OBJC_ROOT_CLASS = YES_ERROR;
				CLANG_WARN_QUOTED_INCLUDE_IN_FRAMEWORK_HEADER = YES;
				CLANG_WARN_RANGE_LOOP_ANALYSIS = YES;
				CLANG_WARN_STRICT_PROTOTYPES = YES;
				CLANG_WARN_SUSPICIOUS_MOVE = YES;
				CLANG_WARN_UNGUARDED_AVAILABILITY = YES_AGGRESSIVE;
				CLANG_WARN_UNREACHABLE_CODE = YES;
				CLANG_WARN__DUPLICATE_METHOD_MATCH = YES;
				COPY_PHASE_STRIP = NO;
				DEBUG_INFORMATION_FORMAT = "dwarf-with-dsym";
				ENABLE_NS_ASSERTIONS = NO;
				ENABLE_STRICT_OBJC_MSGSEND = YES;
				GCC_C_LANGUAGE_STANDARD = gnu11;
				GCC_NO_COMMON_BLOCKS = YES;
				GCC_WARN_64_TO_32_BIT_CONVERSION = YES;
				GCC_WARN_ABOUT_RETURN_TYPE = YES_ERROR;
				GCC_WARN_UNDECLARED_SELECTOR = YES;
				GCC_WARN_UNINITIALIZED_AUTOS = YES_AGGRESSIVE;
				GCC_WARN_UNUSED_FUNCTION = YES;
				GCC_WARN_UNUSED_VARIABLE = YES;
				IPHONEOS_DEPLOYMENT_TARGET = 16.0;
				MTL_ENABLE_DEBUG_INFO = NO;
				MTL_FAST_MATH = YES;
				SDKROOT = iphoneos;
				SWIFT_COMPILATION_MODE = wholemodule;
				SWIFT_OPTIMIZATION_LEVEL = "-O";
				VALIDATE_PRODUCT = YES;
			};
			name = Release;
		};
		254F08A2294767B500830A02 /* Debug */ = {
			isa = XCBuildConfiguration;
			buildSettings = {
				ASSETCATALOG_COMPILER_APPICON_NAME = AppIcon;
				ASSETCATALOG_COMPILER_GLOBAL_ACCENT_COLOR_NAME = AccentColor;
				CODE_SIGN_STYLE = Automatic;
				CURRENT_PROJECT_VERSION = 1;
				DEVELOPMENT_ASSET_PATHS = "\"my content/Preview Content\"";
				DEVELOPMENT_TEAM = YTTR5V58U3;
				ENABLE_PREVIEWS = YES;
				GENERATE_INFOPLIST_FILE = YES;
				INFOPLIST_KEY_UIApplicationSceneManifest_Generation = YES;
				INFOPLIST_KEY_UIApplicationSupportsIndirectInputEvents = YES;
				INFOPLIST_KEY_UILaunchScreen_Generation = YES;
				INFOPLIST_KEY_UISupportedInterfaceOrientations_iPad = "UIInterfaceOrientationPortrait UIInterfaceOrientationPortraitUpsideDown UIInterfaceOrientationLandscapeLeft UIInterfaceOrientationLandscapeRight";
				INFOPLIST_KEY_UISupportedInterfaceOrientations_iPhone = "UIInterfaceOrientationPortrait UIInterfaceOrientationLandscapeLeft UIInterfaceOrientationLandscapeRight";
				LD_RUNPATH_SEARCH_PATHS = (
					"$(inherited)",
					"@executable_path/Frameworks",
				);
				MARKETING_VERSION = 0.1.0;
				PRODUCT_BUNDLE_IDENTIFIER = "appleAcadmey.my-content";
				PRODUCT_NAME = "$(TARGET_NAME)";
				SWIFT_EMIT_LOC_STRINGS = YES;
				SWIFT_VERSION = 5.0;
				TARGETED_DEVICE_FAMILY = "1,2";
			};
			name = Debug;
		};
		254F08A3294767B500830A02 /* Release */ = {
			isa = XCBuildConfiguration;
			buildSettings = {
				ASSETCATALOG_COMPILER_APPICON_NAME = AppIcon;
				ASSETCATALOG_COMPILER_GLOBAL_ACCENT_COLOR_NAME = AccentColor;
				CODE_SIGN_STYLE = Automatic;
				CURRENT_PROJECT_VERSION = 1;
				DEVELOPMENT_ASSET_PATHS = "\"my content/Preview Content\"";
				DEVELOPMENT_TEAM = YTTR5V58U3;
				ENABLE_PREVIEWS = YES;
				GENERATE_INFOPLIST_FILE = YES;
				INFOPLIST_KEY_UIApplicationSceneManifest_Generation = YES;
				INFOPLIST_KEY_UIApplicationSupportsIndirectInputEvents = YES;
				INFOPLIST_KEY_UILaunchScreen_Generation = YES;
				INFOPLIST_KEY_UISupportedInterfaceOrientations_iPad = "UIInterfaceOrientationPortrait UIInterfaceOrientationPortraitUpsideDown UIInterfaceOrientationLandscapeLeft UIInterfaceOrientationLandscapeRight";
				INFOPLIST_KEY_UISupportedInterfaceOrientations_iPhone = "UIInterfaceOrientationPortrait UIInterfaceOrientationLandscapeLeft UIInterfaceOrientationLandscapeRight";
				LD_RUNPATH_SEARCH_PATHS = (
					"$(inherited)",
					"@executable_path/Frameworks",
				);
				MARKETING_VERSION = 0.1.0;
				PRODUCT_BUNDLE_IDENTIFIER = "appleAcadmey.my-content";
				PRODUCT_NAME = "$(TARGET_NAME)";
				SWIFT_EMIT_LOC_STRINGS = YES;
				SWIFT_VERSION = 5.0;
				TARGETED_DEVICE_FAMILY = "1,2";
			};
			name = Release;
		};
/* End XCBuildConfiguration section */

/* Begin XCConfigurationList section */
		254F0889294767B400830A02 /* Build configuration list for PBXProject "my content" */ = {
			isa = XCConfigurationList;
			buildConfigurations = (
				254F089F294767B500830A02 /* Debug */,
				254F08A0294767B500830A02 /* Release */,
			);
			defaultConfigurationIsVisible = 0;
			defaultConfigurationName = Release;
		};
		254F08A1294767B500830A02 /* Build configuration list for PBXNativeTarget "my content" */ = {
			isa = XCConfigurationList;
			buildConfigurations = (
				254F08A2294767B500830A02 /* Debug */,
				254F08A3294767B500830A02 /* Release */,
			);
			defaultConfigurationIsVisible = 0;
			defaultConfigurationName = Release;
		};
/* End XCConfigurationList section */

/* Begin XCVersionGroup section */
		254F089C294767B500830A02 /* my_content.xcdatamodeld */ = {
			isa = XCVersionGroup;
			children = (
				254F089D294767B500830A02 /* my_content.xcdatamodel */,
			);
			currentVersion = 254F089D294767B500830A02 /* my_content.xcdatamodel */;
			path = my_content.xcdatamodeld;
			sourceTree = "<group>";
			versionGroupType = wrapper.xcdatamodel;
		};
/* End XCVersionGroup section */
	};
	rootObject = 254F0886294767B400830A02 /* Project object */;
}
